// !$*UTF8*$!
{
	archiveVersion = 1;
	classes = {
	};
	objectVersion = 56;
	objects = {

/* Begin PBXBuildFile section */
		A4F800DB2B612A7900014644 /* SwiftUIToDoApp.swift in Sources */ = {isa = PBXBuildFile; fileRef = A4F800DA2B612A7900014644 /* SwiftUIToDoApp.swift */; };
		A4F800DD2B612A7900014644 /* ContentView.swift in Sources */ = {isa = PBXBuildFile; fileRef = A4F800DC2B612A7900014644 /* ContentView.swift */; };
		A4F800DF2B612A7900014644 /* Item.swift in Sources */ = {isa = PBXBuildFile; fileRef = A4F800DE2B612A7900014644 /* Item.swift */; };
		A4F800E12B612A7B00014644 /* Assets.xcassets in Resources */ = {isa = PBXBuildFile; fileRef = A4F800E02B612A7B00014644 /* Assets.xcassets */; };
		A4F800E42B612A7B00014644 /* Preview Assets.xcassets in Resources */ = {isa = PBXBuildFile; fileRef = A4F800E32B612A7B00014644 /* Preview Assets.xcassets */; };
		A4F800EE2B612A7B00014644 /* SwiftUIToDoTests.swift in Sources */ = {isa = PBXBuildFile; fileRef = A4F800ED2B612A7B00014644 /* SwiftUIToDoTests.swift */; };
		A4F800F82B612A7B00014644 /* SwiftUIToDoUITests.swift in Sources */ = {isa = PBXBuildFile; fileRef = A4F800F72B612A7B00014644 /* SwiftUIToDoUITests.swift */; };
		A4F800FA2B612A7B00014644 /* SwiftUIToDoUITestsLaunchTests.swift in Sources */ = {isa = PBXBuildFile; fileRef = A4F800F92B612A7B00014644 /* SwiftUIToDoUITestsLaunchTests.swift */; };
/* End PBXBuildFile section */

/* Begin PBXContainerItemProxy section */
		A4F800EA2B612A7B00014644 /* PBXContainerItemProxy */ = {
			isa = PBXContainerItemProxy;
			containerPortal = A4F800CF2B612A7900014644 /* Project object */;
			proxyType = 1;
			remoteGlobalIDString = A4F800D62B612A7900014644;
			remoteInfo = SwiftUIToDo;
		};
		A4F800F42B612A7B00014644 /* PBXContainerItemProxy */ = {
			isa = PBXContainerItemProxy;
			containerPortal = A4F800CF2B612A7900014644 /* Project object */;
			proxyType = 1;
			remoteGlobalIDString = A4F800D62B612A7900014644;
			remoteInfo = SwiftUIToDo;
		};
/* End PBXContainerItemProxy section */

/* Begin PBXFileReference section */
		A4F800D72B612A7900014644 /* SwiftUIToDo.app */ = {isa = PBXFileReference; explicitFileType = wrapper.application; includeInIndex = 0; path = SwiftUIToDo.app; sourceTree = BUILT_PRODUCTS_DIR; };
		A4F800DA2B612A7900014644 /* SwiftUIToDoApp.swift */ = {isa = PBXFileReference; lastKnownFileType = sourcecode.swift; path = SwiftUIToDoApp.swift; sourceTree = "<group>"; };
		A4F800DC2B612A7900014644 /* ContentView.swift */ = {isa = PBXFileReference; lastKnownFileType = sourcecode.swift; path = ContentView.swift; sourceTree = "<group>"; };
		A4F800DE2B612A7900014644 /* Item.swift */ = {isa = PBXFileReference; lastKnownFileType = sourcecode.swift; path = Item.swift; sourceTree = "<group>"; };
		A4F800E02B612A7B00014644 /* Assets.xcassets */ = {isa = PBXFileReference; lastKnownFileType = folder.assetcatalog; path = Assets.xcassets; sourceTree = "<group>"; };
		A4F800E32B612A7B00014644 /* Preview Assets.xcassets */ = {isa = PBXFileReference; lastKnownFileType = folder.assetcatalog; path = "Preview Assets.xcassets"; sourceTree = "<group>"; };
		A4F800E92B612A7B00014644 /* SwiftUIToDoTests.xctest */ = {isa = PBXFileReference; explicitFileType = wrapper.cfbundle; includeInIndex = 0; path = SwiftUIToDoTests.xctest; sourceTree = BUILT_PRODUCTS_DIR; };
		A4F800ED2B612A7B00014644 /* SwiftUIToDoTests.swift */ = {isa = PBXFileReference; lastKnownFileType = sourcecode.swift; path = SwiftUIToDoTests.swift; sourceTree = "<group>"; };
		A4F800F32B612A7B00014644 /* SwiftUIToDoUITests.xctest */ = {isa = PBXFileReference; explicitFileType = wrapper.cfbundle; includeInIndex = 0; path = SwiftUIToDoUITests.xctest; sourceTree = BUILT_PRODUCTS_DIR; };
		A4F800F72B612A7B00014644 /* SwiftUIToDoUITests.swift */ = {isa = PBXFileReference; lastKnownFileType = sourcecode.swift; path = SwiftUIToDoUITests.swift; sourceTree = "<group>"; };
		A4F800F92B612A7B00014644 /* SwiftUIToDoUITestsLaunchTests.swift */ = {isa = PBXFileReference; lastKnownFileType = sourcecode.swift; path = SwiftUIToDoUITestsLaunchTests.swift; sourceTree = "<group>"; };
/* End PBXFileReference section */

/* Begin PBXFrameworksBuildPhase section */
		A4F800D42B612A7900014644 /* Frameworks */ = {
			isa = PBXFrameworksBuildPhase;
			buildActionMask = 2147483647;
			files = (
			);
			runOnlyForDeploymentPostprocessing = 0;
		};
		A4F800E62B612A7B00014644 /* Frameworks */ = {
			isa = PBXFrameworksBuildPhase;
			buildActionMask = 2147483647;
			files = (
			);
			runOnlyForDeploymentPostprocessing = 0;
		};
		A4F800F02B612A7B00014644 /* Frameworks */ = {
			isa = PBXFrameworksBuildPhase;
			buildActionMask = 2147483647;
			files = (
			);
			runOnlyForDeploymentPostprocessing = 0;
		};
/* End PBXFrameworksBuildPhase section */

/* Begin PBXGroup section */
		A4F800CE2B612A7900014644 = {
			isa = PBXGroup;
			children = (
				A4F800D92B612A7900014644 /* SwiftUIToDo */,
				A4F800EC2B612A7B00014644 /* SwiftUIToDoTests */,
				A4F800F62B612A7B00014644 /* SwiftUIToDoUITests */,
				A4F800D82B612A7900014644 /* Products */,
			);
			sourceTree = "<group>";
		};
		A4F800D82B612A7900014644 /* Products */ = {
			isa = PBXGroup;
			children = (
				A4F800D72B612A7900014644 /* SwiftUIToDo.app */,
				A4F800E92B612A7B00014644 /* SwiftUIToDoTests.xctest */,
				A4F800F32B612A7B00014644 /* SwiftUIToDoUITests.xctest */,
			);
			name = Products;
			sourceTree = "<group>";
		};
		A4F800D92B612A7900014644 /* SwiftUIToDo */ = {
			isa = PBXGroup;
			children = (
				A4F800DA2B612A7900014644 /* SwiftUIToDoApp.swift */,
				A4F800DC2B612A7900014644 /* ContentView.swift */,
				A4F800DE2B612A7900014644 /* Item.swift */,
				A4F800E02B612A7B00014644 /* Assets.xcassets */,
				A4F800E22B612A7B00014644 /* Preview Content */,
			);
			path = SwiftUIToDo;
			sourceTree = "<group>";
		};
		A4F800E22B612A7B00014644 /* Preview Content */ = {
			isa = PBXGroup;
			children = (
				A4F800E32B612A7B00014644 /* Preview Assets.xcassets */,
			);
			path = "Preview Content";
			sourceTree = "<group>";
		};
		A4F800EC2B612A7B00014644 /* SwiftUIToDoTests */ = {
			isa = PBXGroup;
			children = (
				A4F800ED2B612A7B00014644 /* SwiftUIToDoTests.swift */,
			);
			path = SwiftUIToDoTests;
			sourceTree = "<group>";
		};
		A4F800F62B612A7B00014644 /* SwiftUIToDoUITests */ = {
			isa = PBXGroup;
			children = (
				A4F800F72B612A7B00014644 /* SwiftUIToDoUITests.swift */,
				A4F800F92B612A7B00014644 /* SwiftUIToDoUITestsLaunchTests.swift */,
			);
			path = SwiftUIToDoUITests;
			sourceTree = "<group>";
		};
/* End PBXGroup section */

/* Begin PBXNativeTarget section */
		A4F800D62B612A7900014644 /* SwiftUIToDo */ = {
			isa = PBXNativeTarget;
			buildConfigurationList = A4F800FD2B612A7B00014644 /* Build configuration list for PBXNativeTarget "SwiftUIToDo" */;
			buildPhases = (
				A4F800D32B612A7900014644 /* Sources */,
				A4F800D42B612A7900014644 /* Frameworks */,
				A4F800D52B612A7900014644 /* Resources */,
			);
			buildRules = (
			);
			dependencies = (
			);
			name = SwiftUIToDo;
			productName = SwiftUIToDo;
			productReference = A4F800D72B612A7900014644 /* SwiftUIToDo.app */;
			productType = "com.apple.product-type.application";
		};
		A4F800E82B612A7B00014644 /* SwiftUIToDoTests */ = {
			isa = PBXNativeTarget;
			buildConfigurationList = A4F801002B612A7B00014644 /* Build configuration list for PBXNativeTarget "SwiftUIToDoTests" */;
			buildPhases = (
				A4F800E52B612A7B00014644 /* Sources */,
				A4F800E62B612A7B00014644 /* Frameworks */,
				A4F800E72B612A7B00014644 /* Resources */,
			);
			buildRules = (
			);
			dependencies = (
				A4F800EB2B612A7B00014644 /* PBXTargetDependency */,
			);
			name = SwiftUIToDoTests;
			productName = SwiftUIToDoTests;
			productReference = A4F800E92B612A7B00014644 /* SwiftUIToDoTests.xctest */;
			productType = "com.apple.product-type.bundle.unit-test";
		};
		A4F800F22B612A7B00014644 /* SwiftUIToDoUITests */ = {
			isa = PBXNativeTarget;
			buildConfigurationList = A4F801032B612A7B00014644 /* Build configuration list for PBXNativeTarget "SwiftUIToDoUITests" */;
			buildPhases = (
				A4F800EF2B612A7B00014644 /* Sources */,
				A4F800F02B612A7B00014644 /* Frameworks */,
				A4F800F12B612A7B00014644 /* Resources */,
			);
			buildRules = (
			);
			dependencies = (
				A4F800F52B612A7B00014644 /* PBXTargetDependency */,
			);
			name = SwiftUIToDoUITests;
			productName = SwiftUIToDoUITests;
			productReference = A4F800F32B612A7B00014644 /* SwiftUIToDoUITests.xctest */;
			productType = "com.apple.product-type.bundle.ui-testing";
		};
/* End PBXNativeTarget section */

/* Begin PBXProject section */
		A4F800CF2B612A7900014644 /* Project object */ = {
			isa = PBXProject;
			attributes = {
				BuildIndependentTargetsInParallel = 1;
				LastSwiftUpdateCheck = 1520;
				LastUpgradeCheck = 1520;
				TargetAttributes = {
					A4F800D62B612A7900014644 = {
						CreatedOnToolsVersion = 15.2;
					};
					A4F800E82B612A7B00014644 = {
						CreatedOnToolsVersion = 15.2;
						TestTargetID = A4F800D62B612A7900014644;
					};
					A4F800F22B612A7B00014644 = {
						CreatedOnToolsVersion = 15.2;
						TestTargetID = A4F800D62B612A7900014644;
					};
				};
			};
			buildConfigurationList = A4F800D22B612A7900014644 /* Build configuration list for PBXProject "SwiftUIToDo" */;
			compatibilityVersion = "Xcode 14.0";
			developmentRegion = en;
			hasScannedForEncodings = 0;
			knownRegions = (
				en,
				Base,
			);
			mainGroup = A4F800CE2B612A7900014644;
			productRefGroup = A4F800D82B612A7900014644 /* Products */;
			projectDirPath = "";
			projectRoot = "";
			targets = (
				A4F800D62B612A7900014644 /* SwiftUIToDo */,
				A4F800E82B612A7B00014644 /* SwiftUIToDoTests */,
				A4F800F22B612A7B00014644 /* SwiftUIToDoUITests */,
			);
		};
/* End PBXProject section */

/* Begin PBXResourcesBuildPhase section */
		A4F800D52B612A7900014644 /* Resources */ = {
			isa = PBXResourcesBuildPhase;
			buildActionMask = 2147483647;
			files = (
				A4F800E42B612A7B00014644 /* Preview Assets.xcassets in Resources */,
				A4F800E12B612A7B00014644 /* Assets.xcassets in Resources */,
			);
			runOnlyForDeploymentPostprocessing = 0;
		};
		A4F800E72B612A7B00014644 /* Resources */ = {
			isa = PBXResourcesBuildPhase;
			buildActionMask = 2147483647;
			files = (
			);
			runOnlyForDeploymentPostprocessing = 0;
		};
		A4F800F12B612A7B00014644 /* Resources */ = {
			isa = PBXResourcesBuildPhase;
			buildActionMask = 2147483647;
			files = (
			);
			runOnlyForDeploymentPostprocessing = 0;
		};
/* End PBXResourcesBuildPhase section */

/* Begin PBXSourcesBuildPhase section */
		A4F800D32B612A7900014644 /* Sources */ = {
			isa = PBXSourcesBuildPhase;
			buildActionMask = 2147483647;
			files = (
				A4F800DD2B612A7900014644 /* ContentView.swift in Sources */,
				A4F800DF2B612A7900014644 /* Item.swift in Sources */,
				A4F800DB2B612A7900014644 /* SwiftUIToDoApp.swift in Sources */,
			);
			runOnlyForDeploymentPostprocessing = 0;
		};
		A4F800E52B612A7B00014644 /* Sources */ = {
			isa = PBXSourcesBuildPhase;
			buildActionMask = 2147483647;
			files = (
				A4F800EE2B612A7B00014644 /* SwiftUIToDoTests.swift in Sources */,
			);
			runOnlyForDeploymentPostprocessing = 0;
		};
		A4F800EF2B612A7B00014644 /* Sources */ = {
			isa = PBXSourcesBuildPhase;
			buildActionMask = 2147483647;
			files = (
				A4F800FA2B612A7B00014644 /* SwiftUIToDoUITestsLaunchTests.swift in Sources */,
				A4F800F82B612A7B00014644 /* SwiftUIToDoUITests.swift in Sources */,
			);
			runOnlyForDeploymentPostprocessing = 0;
		};
/* End PBXSourcesBuildPhase section */

/* Begin PBXTargetDependency section */
		A4F800EB2B612A7B00014644 /* PBXTargetDependency */ = {
			isa = PBXTargetDependency;
			target = A4F800D62B612A7900014644 /* SwiftUIToDo */;
			targetProxy = A4F800EA2B612A7B00014644 /* PBXContainerItemProxy */;
		};
		A4F800F52B612A7B00014644 /* PBXTargetDependency */ = {
			isa = PBXTargetDependency;
			target = A4F800D62B612A7900014644 /* SwiftUIToDo */;
			targetProxy = A4F800F42B612A7B00014644 /* PBXContainerItemProxy */;
		};
/* End PBXTargetDependency section */

/* Begin XCBuildConfiguration section */
		A4F800FB2B612A7B00014644 /* Debug */ = {
			isa = XCBuildConfiguration;
			buildSettings = {
				ALWAYS_SEARCH_USER_PATHS = NO;
				ASSETCATALOG_COMPILER_GENERATE_SWIFT_ASSET_SYMBOL_EXTENSIONS = YES;
				CLANG_ANALYZER_NONNULL = YES;
				CLANG_ANALYZER_NUMBER_OBJECT_CONVERSION = YES_AGGRESSIVE;
				CLANG_CXX_LANGUAGE_STANDARD = "gnu++20";
				CLANG_ENABLE_MODULES = YES;
				CLANG_ENABLE_OBJC_ARC = YES;
				CLANG_ENABLE_OBJC_WEAK = YES;
				CLANG_WARN_BLOCK_CAPTURE_AUTORELEASING = YES;
				CLANG_WARN_BOOL_CONVERSION = YES;
				CLANG_WARN_COMMA = YES;
				CLANG_WARN_CONSTANT_CONVERSION = YES;
				CLANG_WARN_DEPRECATED_OBJC_IMPLEMENTATIONS = YES;
				CLANG_WARN_DIRECT_OBJC_ISA_USAGE = YES_ERROR;
				CLANG_WARN_DOCUMENTATION_COMMENTS = YES;
				CLANG_WARN_EMPTY_BODY = YES;
				CLANG_WARN_ENUM_CONVERSION = YES;
				CLANG_WARN_INFINITE_RECURSION = YES;
				CLANG_WARN_INT_CONVERSION = YES;
				CLANG_WARN_NON_LITERAL_NULL_CONVERSION = YES;
				CLANG_WARN_OBJC_IMPLICIT_RETAIN_SELF = YES;
				CLANG_WARN_OBJC_LITERAL_CONVERSION = YES;
				CLANG_WARN_OBJC_ROOT_CLASS = YES_ERROR;
				CLANG_WARN_QUOTED_INCLUDE_IN_FRAMEWORK_HEADER = YES;
				CLANG_WARN_RANGE_LOOP_ANALYSIS = YES;
				CLANG_WARN_STRICT_PROTOTYPES = YES;
				CLANG_WARN_SUSPICIOUS_MOVE = YES;
				CLANG_WARN_UNGUARDED_AVAILABILITY = YES_AGGRESSIVE;
				CLANG_WARN_UNREACHABLE_CODE = YES;
				CLANG_WARN__DUPLICATE_METHOD_MATCH = YES;
				COPY_PHASE_STRIP = NO;
				DEBUG_INFORMATION_FORMAT = dwarf;
				ENABLE_STRICT_OBJC_MSGSEND = YES;
				ENABLE_TESTABILITY = YES;
				ENABLE_USER_SCRIPT_SANDBOXING = YES;
				GCC_C_LANGUAGE_STANDARD = gnu17;
				GCC_DYNAMIC_NO_PIC = NO;
				GCC_NO_COMMON_BLOCKS = YES;
				GCC_OPTIMIZATION_LEVEL = 0;
				GCC_PREPROCESSOR_DEFINITIONS = (
					"DEBUG=1",
					"$(inherited)",
				);
				GCC_WARN_64_TO_32_BIT_CONVERSION = YES;
				GCC_WARN_ABOUT_RETURN_TYPE = YES_ERROR;
				GCC_WARN_UNDECLARED_SELECTOR = YES;
				GCC_WARN_UNINITIALIZED_AUTOS = YES_AGGRESSIVE;
				GCC_WARN_UNUSED_FUNCTION = YES;
				GCC_WARN_UNUSED_VARIABLE = YES;
				IPHONEOS_DEPLOYMENT_TARGET = 17.2;
				LOCALIZATION_PREFERS_STRING_CATALOGS = YES;
				MTL_ENABLE_DEBUG_INFO = INCLUDE_SOURCE;
				MTL_FAST_MATH = YES;
				ONLY_ACTIVE_ARCH = YES;
				SDKROOT = iphoneos;
				SWIFT_ACTIVE_COMPILATION_CONDITIONS = "DEBUG $(inherited)";
				SWIFT_OPTIMIZATION_LEVEL = "-Onone";
			};
			name = Debug;
		};
		A4F800FC2B612A7B00014644 /* Release */ = {
			isa = XCBuildConfiguration;
			buildSettings = {
				ALWAYS_SEARCH_USER_PATHS = NO;
				ASSETCATALOG_COMPILER_GENERATE_SWIFT_ASSET_SYMBOL_EXTENSIONS = YES;
				CLANG_ANALYZER_NONNULL = YES;
				CLANG_ANALYZER_NUMBER_OBJECT_CONVERSION = YES_AGGRESSIVE;
				CLANG_CXX_LANGUAGE_STANDARD = "gnu++20";
				CLANG_ENABLE_MODULES = YES;
				CLANG_ENABLE_OBJC_ARC = YES;
				CLANG_ENABLE_OBJC_WEAK = YES;
				CLANG_WARN_BLOCK_CAPTURE_AUTORELEASING = YES;
				CLANG_WARN_BOOL_CONVERSION = YES;
				CLANG_WARN_COMMA = YES;
				CLANG_WARN_CONSTANT_CONVERSION = YES;
				CLANG_WARN_DEPRECATED_OBJC_IMPLEMENTATIONS = YES;
				CLANG_WARN_DIRECT_OBJC_ISA_USAGE = YES_ERROR;
				CLANG_WARN_DOCUMENTATION_COMMENTS = YES;
				CLANG_WARN_EMPTY_BODY = YES;
				CLANG_WARN_ENUM_CONVERSION = YES;
				CLANG_WARN_INFINITE_RECURSION = YES;
				CLANG_WARN_INT_CONVERSION = YES;
				CLANG_WARN_NON_LITERAL_NULL_CONVERSION = YES;
				CLANG_WARN_OBJC_IMPLICIT_RETAIN_SELF = YES;
				CLANG_WARN_OBJC_LITERAL_CONVERSION = YES;
				CLANG_WARN_OBJC_ROOT_CLASS = YES_ERROR;
				CLANG_WARN_QUOTED_INCLUDE_IN_FRAMEWORK_HEADER = YES;
				CLANG_WARN_RANGE_LOOP_ANALYSIS = YES;
				CLANG_WARN_STRICT_PROTOTYPES = YES;
				CLANG_WARN_SUSPICIOUS_MOVE = YES;
				CLANG_WARN_UNGUARDED_AVAILABILITY = YES_AGGRESSIVE;
				CLANG_WARN_UNREACHABLE_CODE = YES;
				CLANG_WARN__DUPLICATE_METHOD_MATCH = YES;
				COPY_PHASE_STRIP = NO;
				DEBUG_INFORMATION_FORMAT = "dwarf-with-dsym";
				ENABLE_NS_ASSERTIONS = NO;
				ENABLE_STRICT_OBJC_MSGSEND = YES;
				ENABLE_USER_SCRIPT_SANDBOXING = YES;
				GCC_C_LANGUAGE_STANDARD = gnu17;
				GCC_NO_COMMON_BLOCKS = YES;
				GCC_WARN_64_TO_32_BIT_CONVERSION = YES;
				GCC_WARN_ABOUT_RETURN_TYPE = YES_ERROR;
				GCC_WARN_UNDECLARED_SELECTOR = YES;
				GCC_WARN_UNINITIALIZED_AUTOS = YES_AGGRESSIVE;
				GCC_WARN_UNUSED_FUNCTION = YES;
				GCC_WARN_UNUSED_VARIABLE = YES;
				IPHONEOS_DEPLOYMENT_TARGET = 17.2;
				LOCALIZATION_PREFERS_STRING_CATALOGS = YES;
				MTL_ENABLE_DEBUG_INFO = NO;
				MTL_FAST_MATH = YES;
				SDKROOT = iphoneos;
				SWIFT_COMPILATION_MODE = wholemodule;
				VALIDATE_PRODUCT = YES;
			};
			name = Release;
		};
		A4F800FE2B612A7B00014644 /* Debug */ = {
			isa = XCBuildConfiguration;
			buildSettings = {
				ASSETCATALOG_COMPILER_APPICON_NAME = AppIcon;
				ASSETCATALOG_COMPILER_GLOBAL_ACCENT_COLOR_NAME = AccentColor;
				CODE_SIGN_STYLE = Automatic;
				CURRENT_PROJECT_VERSION = 1;
				DEVELOPMENT_ASSET_PATHS = "\"SwiftUIToDo/Preview Content\"";
				ENABLE_PREVIEWS = YES;
				GENERATE_INFOPLIST_FILE = YES;
				INFOPLIST_KEY_UIApplicationSceneManifest_Generation = YES;
				INFOPLIST_KEY_UIApplicationSupportsIndirectInputEvents = YES;
				INFOPLIST_KEY_UILaunchScreen_Generation = YES;
				INFOPLIST_KEY_UISupportedInterfaceOrientations_iPad = "UIInterfaceOrientationPortrait UIInterfaceOrientationPortraitUpsideDown UIInterfaceOrientationLandscapeLeft UIInterfaceOrientationLandscapeRight";
				INFOPLIST_KEY_UISupportedInterfaceOrientations_iPhone = "UIInterfaceOrientationPortrait UIInterfaceOrientationLandscapeLeft UIInterfaceOrientationLandscapeRight";
				LD_RUNPATH_SEARCH_PATHS = (
					"$(inherited)",
					"@executable_path/Frameworks",
				);
				MARKETING_VERSION = 1.0;
				PRODUCT_BUNDLE_IDENTIFIER = com.abd.SwiftUIToDo;
				PRODUCT_NAME = "$(TARGET_NAME)";
				SWIFT_EMIT_LOC_STRINGS = YES;
				SWIFT_VERSION = 5.0;
				TARGETED_DEVICE_FAMILY = "1,2";
			};
			name = Debug;
		};
		A4F800FF2B612A7B00014644 /* Release */ = {
			isa = XCBuildConfiguration;
			buildSettings = {
				ASSETCATALOG_COMPILER_APPICON_NAME = AppIcon;
				ASSETCATALOG_COMPILER_GLOBAL_ACCENT_COLOR_NAME = AccentColor;
				CODE_SIGN_STYLE = Automatic;
				CURRENT_PROJECT_VERSION = 1;
				DEVELOPMENT_ASSET_PATHS = "\"SwiftUIToDo/Preview Content\"";
				ENABLE_PREVIEWS = YES;
				GENERATE_INFOPLIST_FILE = YES;
				INFOPLIST_KEY_UIApplicationSceneManifest_Generation = YES;
				INFOPLIST_KEY_UIApplicationSupportsIndirectInputEvents = YES;
				INFOPLIST_KEY_UILaunchScreen_Generation = YES;
				INFOPLIST_KEY_UISupportedInterfaceOrientations_iPad = "UIInterfaceOrientationPortrait UIInterfaceOrientationPortraitUpsideDown UIInterfaceOrientationLandscapeLeft UIInterfaceOrientationLandscapeRight";
				INFOPLIST_KEY_UISupportedInterfaceOrientations_iPhone = "UIInterfaceOrientationPortrait UIInterfaceOrientationLandscapeLeft UIInterfaceOrientationLandscapeRight";
				LD_RUNPATH_SEARCH_PATHS = (
					"$(inherited)",
					"@executable_path/Frameworks",
				);
				MARKETING_VERSION = 1.0;
				PRODUCT_BUNDLE_IDENTIFIER = com.abd.SwiftUIToDo;
				PRODUCT_NAME = "$(TARGET_NAME)";
				SWIFT_EMIT_LOC_STRINGS = YES;
				SWIFT_VERSION = 5.0;
				TARGETED_DEVICE_FAMILY = "1,2";
			};
			name = Release;
		};
		A4F801012B612A7B00014644 /* Debug */ = {
			isa = XCBuildConfiguration;
			buildSettings = {
				ALWAYS_EMBED_SWIFT_STANDARD_LIBRARIES = YES;
				BUNDLE_LOADER = "$(TEST_HOST)";
				CODE_SIGN_STYLE = Automatic;
				CURRENT_PROJECT_VERSION = 1;
				GENERATE_INFOPLIST_FILE = YES;
				IPHONEOS_DEPLOYMENT_TARGET = 17.2;
				MARKETING_VERSION = 1.0;
				PRODUCT_BUNDLE_IDENTIFIER = com.abd.SwiftUIToDoTests;
				PRODUCT_NAME = "$(TARGET_NAME)";
				SWIFT_EMIT_LOC_STRINGS = NO;
				SWIFT_VERSION = 5.0;
				TARGETED_DEVICE_FAMILY = "1,2";
				TEST_HOST = "$(BUILT_PRODUCTS_DIR)/SwiftUIToDo.app/$(BUNDLE_EXECUTABLE_FOLDER_PATH)/SwiftUIToDo";
			};
			name = Debug;
		};
		A4F801022B612A7B00014644 /* Release */ = {
			isa = XCBuildConfiguration;
			buildSettings = {
				ALWAYS_EMBED_SWIFT_STANDARD_LIBRARIES = YES;
				BUNDLE_LOADER = "$(TEST_HOST)";
				CODE_SIGN_STYLE = Automatic;
				CURRENT_PROJECT_VERSION = 1;
				GENERATE_INFOPLIST_FILE = YES;
				IPHONEOS_DEPLOYMENT_TARGET = 17.2;
				MARKETING_VERSION = 1.0;
				PRODUCT_BUNDLE_IDENTIFIER = com.abd.SwiftUIToDoTests;
				PRODUCT_NAME = "$(TARGET_NAME)";
				SWIFT_EMIT_LOC_STRINGS = NO;
				SWIFT_VERSION = 5.0;
				TARGETED_DEVICE_FAMILY = "1,2";
				TEST_HOST = "$(BUILT_PRODUCTS_DIR)/SwiftUIToDo.app/$(BUNDLE_EXECUTABLE_FOLDER_PATH)/SwiftUIToDo";
			};
			name = Release;
		};
		A4F801042B612A7B00014644 /* Debug */ = {
			isa = XCBuildConfiguration;
			buildSettings = {
				ALWAYS_EMBED_SWIFT_STANDARD_LIBRARIES = YES;
				CODE_SIGN_STYLE = Automatic;
				CURRENT_PROJECT_VERSION = 1;
				GENERATE_INFOPLIST_FILE = YES;
				MARKETING_VERSION = 1.0;
				PRODUCT_BUNDLE_IDENTIFIER = com.abd.SwiftUIToDoUITests;
				PRODUCT_NAME = "$(TARGET_NAME)";
				SWIFT_EMIT_LOC_STRINGS = NO;
				SWIFT_VERSION = 5.0;
				TARGETED_DEVICE_FAMILY = "1,2";
				TEST_TARGET_NAME = SwiftUIToDo;
			};
			name = Debug;
		};
		A4F801052B612A7B00014644 /* Release */ = {
			isa = XCBuildConfiguration;
			buildSettings = {
				ALWAYS_EMBED_SWIFT_STANDARD_LIBRARIES = YES;
				CODE_SIGN_STYLE = Automatic;
				CURRENT_PROJECT_VERSION = 1;
				GENERATE_INFOPLIST_FILE = YES;
				MARKETING_VERSION = 1.0;
				PRODUCT_BUNDLE_IDENTIFIER = com.abd.SwiftUIToDoUITests;
				PRODUCT_NAME = "$(TARGET_NAME)";
				SWIFT_EMIT_LOC_STRINGS = NO;
				SWIFT_VERSION = 5.0;
				TARGETED_DEVICE_FAMILY = "1,2";
				TEST_TARGET_NAME = SwiftUIToDo;
			};
			name = Release;
		};
/* End XCBuildConfiguration section */

/* Begin XCConfigurationList section */
		A4F800D22B612A7900014644 /* Build configuration list for PBXProject "SwiftUIToDo" */ = {
			isa = XCConfigurationList;
			buildConfigurations = (
				A4F800FB2B612A7B00014644 /* Debug */,
				A4F800FC2B612A7B00014644 /* Release */,
			);
			defaultConfigurationIsVisible = 0;
			defaultConfigurationName = Release;
		};
		A4F800FD2B612A7B00014644 /* Build configuration list for PBXNativeTarget "SwiftUIToDo" */ = {
			isa = XCConfigurationList;
			buildConfigurations = (
				A4F800FE2B612A7B00014644 /* Debug */,
				A4F800FF2B612A7B00014644 /* Release */,
			);
			defaultConfigurationIsVisible = 0;
			defaultConfigurationName = Release;
		};
		A4F801002B612A7B00014644 /* Build configuration list for PBXNativeTarget "SwiftUIToDoTests" */ = {
			isa = XCConfigurationList;
			buildConfigurations = (
				A4F801012B612A7B00014644 /* Debug */,
				A4F801022B612A7B00014644 /* Release */,
			);
			defaultConfigurationIsVisible = 0;
			defaultConfigurationName = Release;
		};
		A4F801032B612A7B00014644 /* Build configuration list for PBXNativeTarget "SwiftUIToDoUITests" */ = {
			isa = XCConfigurationList;
			buildConfigurations = (
				A4F801042B612A7B00014644 /* Debug */,
				A4F801052B612A7B00014644 /* Release */,
			);
			defaultConfigurationIsVisible = 0;
			defaultConfigurationName = Release;
		};
/* End XCConfigurationList section */
	};
	rootObject = A4F800CF2B612A7900014644 /* Project object */;
}
